PODS:
  - Intrepid (0.3.1):
    - Intrepid/Core (= 0.3.1)
  - Intrepid/Core (0.3.1):
    - IP-UIKit-Wisdom (= 0.0.9)
  - IP-UIKit-Wisdom (0.0.9)
  - OAuthSwift (0.5.2)

DEPENDENCIES:
  - Intrepid
  - OAuthSwift

SPEC CHECKSUMS:
  Intrepid: c38decf040ef64b707e855e06e97773f51502bd4
  IP-UIKit-Wisdom: cd9838571e97427a0c61c05d856eaaca9afd7c1a
  OAuthSwift: 1ef042d4362e755e24a78f158d817245641a5d24

COCOAPODS: 0.39.0
